
Microsoft Visual Studio Solution File, Format Version 12.00
# Visual Studio 15
VisualStudioVersion = 15.0.28010.2016
MinimumVisualStudioVersion = 10.0.40219.1
Project("{FAE04EC0-301F-11D3-BF4B-00C04F79EFBC}") = "RSA.Core", "RSA.Core\RSA.Core.csproj", "{BFB6CD0F-B4AE-481E-B96E-3ADBDD3624D0}"
	ProjectSection(ProjectDependencies) = postProject
		{6E1D39EA-9499-42F2-90FA-B174114529F6} = {6E1D39EA-9499-42F2-90FA-B174114529F6}
	EndProjectSection
EndProject
Project("{FAE04EC0-301F-11D3-BF4B-00C04F79EFBC}") = "KMP.Core", "KMP.Core\KMP.Core.csproj", "{6E1D39EA-9499-42F2-90FA-B174114529F6}"
EndProject
Project("{FAE04EC0-301F-11D3-BF4B-00C04F79EFBC}") = "KeyManager.UI", "KeyManager.UI\KeyManager.UI.csproj", "{C79EB120-0991-407E-84DF-3CCD19FEB96F}"
EndProject
Project("{FAE04EC0-301F-11D3-BF4B-00C04F79EFBC}") = "Krypto.UI", "Krypto.UI\Krypto.UI.csproj", "{E51FCD60-A78A-4F5E-97DD-37D5230DACA3}"
EndProject
Project("{FAE04EC0-301F-11D3-BF4B-00C04F79EFBC}") = "Base64.Core", "Base64.Core\Base64.Core.csproj", "{65A406B9-F890-4794-9534-2DED5FFD366E}"
EndProject
Project("{FAE04EC0-301F-11D3-BF4B-00C04F79EFBC}") = "KryptoWizard.UI", "KryptoWizard.UI\KryptoWizard.UI.csproj", "{45A953A6-2E55-4619-A830-4F766FDF6A18}"
EndProject
Global
	GlobalSection(SolutionConfigurationPlatforms) = preSolution
		Debug|Any CPU = Debug|Any CPU
		Release|Any CPU = Release|Any CPU
	EndGlobalSection
	GlobalSection(ProjectConfigurationPlatforms) = postSolution
		{BFB6CD0F-B4AE-481E-B96E-3ADBDD3624D0}.Debug|Any CPU.ActiveCfg = Debug|Any CPU
		{BFB6CD0F-B4AE-481E-B96E-3ADBDD3624D0}.Debug|Any CPU.Build.0 = Debug|Any CPU
		{BFB6CD0F-B4AE-481E-B96E-3ADBDD3624D0}.Release|Any CPU.ActiveCfg = Release|Any CPU
		{BFB6CD0F-B4AE-481E-B96E-3ADBDD3624D0}.Release|Any CPU.Build.0 = Release|Any CPU
		{6E1D39EA-9499-42F2-90FA-B174114529F6}.Debug|Any CPU.ActiveCfg = Debug|Any CPU
		{6E1D39EA-9499-42F2-90FA-B174114529F6}.Debug|Any CPU.Build.0 = Debug|Any CPU
		{6E1D39EA-9499-42F2-90FA-B174114529F6}.Release|Any CPU.ActiveCfg = Release|Any CPU
		{6E1D39EA-9499-42F2-90FA-B174114529F6}.Release|Any CPU.Build.0 = Release|Any CPU
		{C79EB120-0991-407E-84DF-3CCD19FEB96F}.Debug|Any CPU.ActiveCfg = Debug|Any CPU
		{C79EB120-0991-407E-84DF-3CCD19FEB96F}.Debug|Any CPU.Build.0 = Debug|Any CPU
		{C79EB120-0991-407E-84DF-3CCD19FEB96F}.Release|Any CPU.ActiveCfg = Release|Any CPU
		{C79EB120-0991-407E-84DF-3CCD19FEB96F}.Release|Any CPU.Build.0 = Release|Any CPU
		{E51FCD60-A78A-4F5E-97DD-37D5230DACA3}.Debug|Any CPU.ActiveCfg = Debug|Any CPU
		{E51FCD60-A78A-4F5E-97DD-37D5230DACA3}.Debug|Any CPU.Build.0 = Debug|Any CPU
		{E51FCD60-A78A-4F5E-97DD-37D5230DACA3}.Release|Any CPU.ActiveCfg = Release|Any CPU
		{E51FCD60-A78A-4F5E-97DD-37D5230DACA3}.Release|Any CPU.Build.0 = Release|Any CPU
		{65A406B9-F890-4794-9534-2DED5FFD366E}.Debug|Any CPU.ActiveCfg = Debug|Any CPU
		{65A406B9-F890-4794-9534-2DED5FFD366E}.Debug|Any CPU.Build.0 = Debug|Any CPU
		{65A406B9-F890-4794-9534-2DED5FFD366E}.Release|Any CPU.ActiveCfg = Release|Any CPU
		{65A406B9-F890-4794-9534-2DED5FFD366E}.Release|Any CPU.Build.0 = Release|Any CPU
		{45A953A6-2E55-4619-A830-4F766FDF6A18}.Debug|Any CPU.ActiveCfg = Debug|Any CPU
		{45A953A6-2E55-4619-A830-4F766FDF6A18}.Debug|Any CPU.Build.0 = Debug|Any CPU
		{45A953A6-2E55-4619-A830-4F766FDF6A18}.Release|Any CPU.ActiveCfg = Release|Any CPU
		{45A953A6-2E55-4619-A830-4F766FDF6A18}.Release|Any CPU.Build.0 = Release|Any CPU
	EndGlobalSection
	GlobalSection(SolutionProperties) = preSolution
		HideSolutionNode = FALSE
	EndGlobalSection
	GlobalSection(ExtensibilityGlobals) = postSolution
		SolutionGuid = {8AA67B4E-6D23-4E77-8B41-C2A0ECF060F9}
	EndGlobalSection
EndGlobal
